// !$*UTF8*$!
{
	archiveVersion = 1;
	classes = {
	};
	objectVersion = 50;
	objects = {

/* Begin PBXBuildFile section */
		0F1573822214AF3600454263 /* LinearTester.cpp in Sources */ = {isa = PBXBuildFile; fileRef = 0F1573802214AF3600454263 /* LinearTester.cpp */; };
		0F30547D220A13C200DC5056 /* Timer.cpp in Sources */ = {isa = PBXBuildFile; fileRef = 0F30547B220A13C200DC5056 /* Timer.cpp */; };
		0F305480220A201600DC5056 /* CrimeData.cpp in Sources */ = {isa = PBXBuildFile; fileRef = 0F30547F220A201600DC5056 /* CrimeData.cpp */; };
		0F305485220A206200DC5056 /* FileController.cpp in Sources */ = {isa = PBXBuildFile; fileRef = 0F305483220A206200DC5056 /* FileController.cpp */; };
		0F305487220A20DC00DC5056 /* Music.cpp in Sources */ = {isa = PBXBuildFile; fileRef = 0F305486220A20DC00DC5056 /* Music.cpp */; };
		0F70F55C220CC9FC00476A87 /* List.cpp in Sources */ = {isa = PBXBuildFile; fileRef = 0F70F55A220CC9FC00476A87 /* List.cpp */; };
		0FA64B70226E3CB000177CC4 /* BinaryTreeTester.cpp in Sources */ = {isa = PBXBuildFile; fileRef = 0FA64B6E226E3CAF00177CC4 /* BinaryTreeTester.cpp */; };
		0FBD493521FF8C99004C4DC6 /* DeadDataStructure.cpp in Sources */ = {isa = PBXBuildFile; fileRef = 0FBD493321FF8C99004C4DC6 /* DeadDataStructure.cpp */; };
		0FBD493C21FF8E0D004C4DC6 /* Controller.cpp in Sources */ = {isa = PBXBuildFile; fileRef = 0FBD493A21FF8E0D004C4DC6 /* Controller.cpp */; };
		0FBD493E21FF8FA4004C4DC6 /* Runner.cpp in Sources */ = {isa = PBXBuildFile; fileRef = 0FBD493D21FF8FA3004C4DC6 /* Runner.cpp */; };
		0FBD53B62240130700820C5A /* GraphTester.cpp in Sources */ = {isa = PBXBuildFile; fileRef = 0FBD53B52240130700820C5A /* GraphTester.cpp */; };
/* End PBXBuildFile section */

/* Begin PBXCopyFilesBuildPhase section */
		0FBD492721FF8BF3004C4DC6 /* CopyFiles */ = {
			isa = PBXCopyFilesBuildPhase;
			buildActionMask = 2147483647;
			dstPath = /usr/share/man/man1/;
			dstSubfolderSpec = 0;
			files = (
			);
			runOnlyForDeploymentPostprocessing = 1;
		};
/* End PBXCopyFilesBuildPhase section */

/* Begin PBXFileReference section */
		0F0BEC39221F280B00007E17 /* DoubleNode.hpp */ = {isa = PBXFileReference; lastKnownFileType = sourcecode.cpp.h; path = DoubleNode.hpp; sourceTree = "<group>"; };
		0F0BEC3A221F300000007E17 /* CircularList.hpp */ = {isa = PBXFileReference; lastKnownFileType = sourcecode.cpp.h; path = CircularList.hpp; sourceTree = "<group>"; };
		0F1573802214AF3600454263 /* LinearTester.cpp */ = {isa = PBXFileReference; lastKnownFileType = sourcecode.cpp.cpp; path = LinearTester.cpp; sourceTree = "<group>"; };
		0F1573812214AF3600454263 /* LinearTester.hpp */ = {isa = PBXFileReference; lastKnownFileType = sourcecode.cpp.h; path = LinearTester.hpp; sourceTree = "<group>"; };
		0F30547B220A13C200DC5056 /* Timer.cpp */ = {isa = PBXFileReference; lastKnownFileType = sourcecode.cpp.cpp; path = Timer.cpp; sourceTree = "<group>"; };
		0F30547C220A13C200DC5056 /* Timer.hpp */ = {isa = PBXFileReference; lastKnownFileType = sourcecode.cpp.h; path = Timer.hpp; sourceTree = "<group>"; };
		0F30547F220A201600DC5056 /* CrimeData.cpp */ = {isa = PBXFileReference; fileEncoding = 4; lastKnownFileType = sourcecode.cpp.cpp; path = CrimeData.cpp; sourceTree = "<group>"; };
		0F305481220A201E00DC5056 /* CrimeData.hpp */ = {isa = PBXFileReference; lastKnownFileType = sourcecode.cpp.h; path = CrimeData.hpp; sourceTree = "<group>"; };
		0F305482220A203A00DC5056 /* crime.csv */ = {isa = PBXFileReference; lastKnownFileType = text; path = crime.csv; sourceTree = "<group>"; };
		0F305483220A206200DC5056 /* FileController.cpp */ = {isa = PBXFileReference; lastKnownFileType = sourcecode.cpp.cpp; path = FileController.cpp; sourceTree = "<group>"; };
		0F305484220A206200DC5056 /* FileController.hpp */ = {isa = PBXFileReference; lastKnownFileType = sourcecode.cpp.h; path = FileController.hpp; sourceTree = "<group>"; };
		0F305486220A20DC00DC5056 /* Music.cpp */ = {isa = PBXFileReference; fileEncoding = 4; lastKnownFileType = sourcecode.cpp.cpp; path = Music.cpp; sourceTree = "<group>"; };
		0F305488220A216700DC5056 /* Music.hpp */ = {isa = PBXFileReference; fileEncoding = 4; lastKnownFileType = sourcecode.cpp.h; path = Music.hpp; sourceTree = "<group>"; };
		0F3CBDDA2202272300EFB669 /* LinearNode.hpp */ = {isa = PBXFileReference; lastKnownFileType = sourcecode.cpp.h; path = LinearNode.hpp; sourceTree = "<group>"; };
		0F70F55A220CC9FC00476A87 /* List.cpp */ = {isa = PBXFileReference; lastKnownFileType = sourcecode.cpp.cpp; path = List.cpp; sourceTree = "<group>"; };
		0F70F55B220CC9FC00476A87 /* List.hpp */ = {isa = PBXFileReference; lastKnownFileType = sourcecode.cpp.h; path = List.hpp; sourceTree = "<group>"; };
		0F7FFB8F2224769C009B0C31 /* Queue.hpp */ = {isa = PBXFileReference; lastKnownFileType = sourcecode.cpp.h; path = Queue.hpp; sourceTree = "<group>"; };
		0F7FFB9022247A13009B0C31 /* Stack.hpp */ = {isa = PBXFileReference; lastKnownFileType = sourcecode.cpp.h; path = Stack.hpp; sourceTree = "<group>"; };
		0F8E33512211FA32006878C8 /* LinkedList.hpp */ = {isa = PBXFileReference; lastKnownFileType = sourcecode.cpp.h; path = LinkedList.hpp; sourceTree = "<group>"; };
		0F8E3353221200C5006878C8 /* music.csv */ = {isa = PBXFileReference; lastKnownFileType = text; path = music.csv; sourceTree = "<group>"; };
		0FA64B6E226E3CAF00177CC4 /* BinaryTreeTester.cpp */ = {isa = PBXFileReference; lastKnownFileType = sourcecode.cpp.cpp; path = BinaryTreeTester.cpp; sourceTree = "<group>"; };
		0FA64B6F226E3CB000177CC4 /* BinaryTreeTester.hpp */ = {isa = PBXFileReference; lastKnownFileType = sourcecode.cpp.h; path = BinaryTreeTester.hpp; sourceTree = "<group>"; };
		0FA64B72226E3CC500177CC4 /* LinearNode.hpp */ = {isa = PBXFileReference; lastKnownFileType = sourcecode.cpp.h; path = LinearNode.hpp; sourceTree = "<group>"; };
		0FA64B73226E3CC500177CC4 /* Node.hpp */ = {isa = PBXFileReference; lastKnownFileType = sourcecode.cpp.h; path = Node.hpp; sourceTree = "<group>"; };
		0FA64B74226E3CC500177CC4 /* DoubleNode.hpp */ = {isa = PBXFileReference; lastKnownFileType = sourcecode.cpp.h; path = DoubleNode.hpp; sourceTree = "<group>"; };
		0FA64B76226E3CC500177CC4 /* Graph.hpp */ = {isa = PBXFileReference; lastKnownFileType = sourcecode.cpp.h; path = Graph.hpp; sourceTree = "<group>"; };
		0FA64B77226E3CDE00177CC4 /* BinaryTreeNode.cpp */ = {isa = PBXFileReference; lastKnownFileType = sourcecode.cpp.cpp; path = BinaryTreeNode.cpp; sourceTree = "<group>"; };
		0FA64B78226E3CDE00177CC4 /* BinaryTreeNode.hpp */ = {isa = PBXFileReference; lastKnownFileType = sourcecode.cpp.h; path = BinaryTreeNode.hpp; sourceTree = "<group>"; };
		0FA64B79226E3CE900177CC4 /* BinarySearchTree.hpp */ = {isa = PBXFileReference; lastKnownFileType = sourcecode.cpp.h; path = BinarySearchTree.hpp; sourceTree = "<group>"; };
		0FA64B7A226E3CE900177CC4 /* Tree.hpp */ = {isa = PBXFileReference; lastKnownFileType = sourcecode.cpp.h; path = Tree.hpp; sourceTree = "<group>"; };
		0FBD492921FF8BF3004C4DC6 /* DataBoyoTime */ = {isa = PBXFileReference; explicitFileType = "compiled.mach-o.executable"; includeInIndex = 0; path = DataBoyoTime; sourceTree = BUILT_PRODUCTS_DIR; };
		0FBD493321FF8C99004C4DC6 /* DeadDataStructure.cpp */ = {isa = PBXFileReference; lastKnownFileType = sourcecode.cpp.cpp; path = DeadDataStructure.cpp; sourceTree = "<group>"; };
		0FBD493421FF8C99004C4DC6 /* DeadDataStructure.hpp */ = {isa = PBXFileReference; lastKnownFileType = sourcecode.cpp.h; path = DeadDataStructure.hpp; sourceTree = "<group>"; };
		0FBD493A21FF8E0D004C4DC6 /* Controller.cpp */ = {isa = PBXFileReference; lastKnownFileType = sourcecode.cpp.cpp; path = Controller.cpp; sourceTree = "<group>"; };
		0FBD493B21FF8E0D004C4DC6 /* Controller.hpp */ = {isa = PBXFileReference; lastKnownFileType = sourcecode.cpp.h; path = Controller.hpp; sourceTree = "<group>"; };
		0FBD493D21FF8FA3004C4DC6 /* Runner.cpp */ = {isa = PBXFileReference; lastKnownFileType = sourcecode.cpp.cpp; path = Runner.cpp; sourceTree = "<group>"; };
		0FBD493F21FF913A004C4DC6 /* Node.hpp */ = {isa = PBXFileReference; lastKnownFileType = sourcecode.cpp.h; path = Node.hpp; sourceTree = "<group>"; };
		0FBD53B42240119100820C5A /* GraphTester.hpp */ = {isa = PBXFileReference; lastKnownFileType = sourcecode.cpp.h; path = GraphTester.hpp; sourceTree = "<group>"; };
		0FBD53B52240130700820C5A /* GraphTester.cpp */ = {isa = PBXFileReference; lastKnownFileType = sourcecode.cpp.cpp; path = GraphTester.cpp; sourceTree = "<group>"; };
		0FC1B20E222DC4D6008D1570 /* Graph.hpp */ = {isa = PBXFileReference; lastKnownFileType = sourcecode.cpp.h; path = Graph.hpp; sourceTree = "<group>"; };
/* End PBXFileReference section */

/* Begin PBXFrameworksBuildPhase section */
		0FBD492621FF8BF3004C4DC6 /* Frameworks */ = {
			isa = PBXFrameworksBuildPhase;
			buildActionMask = 2147483647;
			files = (
			);
			runOnlyForDeploymentPostprocessing = 0;
		};
/* End PBXFrameworksBuildPhase section */

/* Begin PBXGroup section */
		0F15737F2214AE6500454263 /* Testers */ = {
			isa = PBXGroup;
			children = (
				0F1573802214AF3600454263 /* LinearTester.cpp */,
				0F1573812214AF3600454263 /* LinearTester.hpp */,
				0FBD53B42240119100820C5A /* GraphTester.hpp */,
				0FBD53B52240130700820C5A /* GraphTester.cpp */,
				0FA64B6E226E3CAF00177CC4 /* BinaryTreeTester.cpp */,
				0FA64B6F226E3CB000177CC4 /* BinaryTreeTester.hpp */,
			);
			path = Testers;
			sourceTree = "<group>";
		};
		0F30547A220A138000DC5056 /* Tools */ = {
			isa = PBXGroup;
			children = (
				0F30547B220A13C200DC5056 /* Timer.cpp */,
				0F30547C220A13C200DC5056 /* Timer.hpp */,
			);
			path = Tools;
			sourceTree = "<group>";
		};
		0F3CBDD92202267300EFB669 /* Nodes */ = {
			isa = PBXGroup;
			children = (
				0FA64B78226E3CDE00177CC4 /* BinaryTreeNode.hpp */,
				0FA64B77226E3CDE00177CC4 /* BinaryTreeNode.cpp */,
				0FA64B72226E3CC500177CC4 /* LinearNode.hpp */,
				0FA64B73226E3CC500177CC4 /* Node.hpp */,
				0FA64B74226E3CC500177CC4 /* DoubleNode.hpp */,
				0F0BEC39221F280B00007E17 /* DoubleNode.hpp */,
				0FBD493F21FF913A004C4DC6 /* Node.hpp */,
				0F3CBDDA2202272300EFB669 /* LinearNode.hpp */,
			);
			path = Nodes;
			sourceTree = "<group>";
		};
		0F3CBDDB220232C200EFB669 /* Linear */ = {
			isa = PBXGroup;
			children = (
				0F7FFB9022247A13009B0C31 /* Stack.hpp */,
				0F70F55A220CC9FC00476A87 /* List.cpp */,
				0F70F55B220CC9FC00476A87 /* List.hpp */,
				0F8E33512211FA32006878C8 /* LinkedList.hpp */,
				0F0BEC3A221F300000007E17 /* CircularList.hpp */,
				0F7FFB8F2224769C009B0C31 /* Queue.hpp */,
			);
			path = Linear;
			sourceTree = "<group>";
		};
		0FA64B75226E3CC500177CC4 /* NonLinear */ = {
			isa = PBXGroup;
			children = (
				0FA64B7A226E3CE900177CC4 /* Tree.hpp */,
				0FA64B79226E3CE900177CC4 /* BinarySearchTree.hpp */,
				0FC1B20E222DC4D6008D1570 /* Graph.hpp */,
				0FA64B76226E3CC500177CC4 /* Graph.hpp */,
			);
			path = NonLinear;
			sourceTree = "<group>";
		};
		0FBD492021FF8BF3004C4DC6 = {
			isa = PBXGroup;
			children = (
				0FBD492B21FF8BF3004C4DC6 /* DataBoyoTime */,
				0FBD492A21FF8BF3004C4DC6 /* Products */,
			);
			sourceTree = "<group>";
		};
		0FBD492A21FF8BF3004C4DC6 /* Products */ = {
			isa = PBXGroup;
			children = (
				0FBD492921FF8BF3004C4DC6 /* DataBoyoTime */,
			);
			name = Products;
			sourceTree = "<group>";
		};
		0FBD492B21FF8BF3004C4DC6 /* DataBoyoTime */ = {
			isa = PBXGroup;
			children = (
				0F15737F2214AE6500454263 /* Testers */,
				0FBD493921FF8DC9004C4DC6 /* Model */,
				0FBD493821FF8DBD004C4DC6 /* Resources */,
				0FBD493621FF8DAF004C4DC6 /* Controller */,
				0FBD493321FF8C99004C4DC6 /* DeadDataStructure.cpp */,
				0FBD493421FF8C99004C4DC6 /* DeadDataStructure.hpp */,
			);
			path = DataBoyoTime;
			sourceTree = "<group>";
		};
		0FBD493621FF8DAF004C4DC6 /* Controller */ = {
			isa = PBXGroup;
			children = (
				0F30547A220A138000DC5056 /* Tools */,
				0FBD493A21FF8E0D004C4DC6 /* Controller.cpp */,
				0FBD493B21FF8E0D004C4DC6 /* Controller.hpp */,
				0FBD493D21FF8FA3004C4DC6 /* Runner.cpp */,
				0F305483220A206200DC5056 /* FileController.cpp */,
				0F305484220A206200DC5056 /* FileController.hpp */,
			);
			path = Controller;
			sourceTree = "<group>";
		};
		0FBD493821FF8DBD004C4DC6 /* Resources */ = {
			isa = PBXGroup;
			children = (
				0F8E3353221200C5006878C8 /* music.csv */,
				0F305488220A216700DC5056 /* Music.hpp */,
				0F305486220A20DC00DC5056 /* Music.cpp */,
				0F305482220A203A00DC5056 /* crime.csv */,
				0F305481220A201E00DC5056 /* CrimeData.hpp */,
				0F30547F220A201600DC5056 /* CrimeData.cpp */,
			);
			path = Resources;
			sourceTree = "<group>";
		};
		0FBD493921FF8DC9004C4DC6 /* Model */ = {
			isa = PBXGroup;
			children = (
				0FA64B75226E3CC500177CC4 /* NonLinear */,
				0F3CBDDB220232C200EFB669 /* Linear */,
				0F3CBDD92202267300EFB669 /* Nodes */,
			);
			path = Model;
			sourceTree = "<group>";
		};
/* End PBXGroup section */

/* Begin PBXNativeTarget section */
		0FBD492821FF8BF3004C4DC6 /* DataBoyoTime */ = {
			isa = PBXNativeTarget;
			buildConfigurationList = 0FBD493021FF8BF3004C4DC6 /* Build configuration list for PBXNativeTarget "DataBoyoTime" */;
			buildPhases = (
				0FBD492521FF8BF3004C4DC6 /* Sources */,
				0FBD492621FF8BF3004C4DC6 /* Frameworks */,
				0FBD492721FF8BF3004C4DC6 /* CopyFiles */,
			);
			buildRules = (
			);
			dependencies = (
			);
			name = DataBoyoTime;
			productName = DataBoyoTime;
			productReference = 0FBD492921FF8BF3004C4DC6 /* DataBoyoTime */;
			productType = "com.apple.product-type.tool";
		};
/* End PBXNativeTarget section */

/* Begin PBXProject section */
		0FBD492121FF8BF3004C4DC6 /* Project object */ = {
			isa = PBXProject;
			attributes = {
				LastUpgradeCheck = 1010;
				ORGANIZATIONNAME = CTEC;
				TargetAttributes = {
					0FBD492821FF8BF3004C4DC6 = {
						CreatedOnToolsVersion = 10.1;
					};
				};
			};
			buildConfigurationList = 0FBD492421FF8BF3004C4DC6 /* Build configuration list for PBXProject "DataBoyoTime" */;
			compatibilityVersion = "Xcode 9.3";
			developmentRegion = en;
			hasScannedForEncodings = 0;
			knownRegions = (
				en,
			);
			mainGroup = 0FBD492021FF8BF3004C4DC6;
			productRefGroup = 0FBD492A21FF8BF3004C4DC6 /* Products */;
			projectDirPath = "";
			projectRoot = "";
			targets = (
				0FBD492821FF8BF3004C4DC6 /* DataBoyoTime */,
			);
		};
/* End PBXProject section */

/* Begin PBXSourcesBuildPhase section */
		0FBD492521FF8BF3004C4DC6 /* Sources */ = {
			isa = PBXSourcesBuildPhase;
			buildActionMask = 2147483647;
			files = (
				0FBD493E21FF8FA4004C4DC6 /* Runner.cpp in Sources */,
				0F305487220A20DC00DC5056 /* Music.cpp in Sources */,
				0FA64B70226E3CB000177CC4 /* BinaryTreeTester.cpp in Sources */,
				0F1573822214AF3600454263 /* LinearTester.cpp in Sources */,
				0FBD53B62240130700820C5A /* GraphTester.cpp in Sources */,
				0F305480220A201600DC5056 /* CrimeData.cpp in Sources */,
				0FBD493521FF8C99004C4DC6 /* DeadDataStructure.cpp in Sources */,
				0FBD493C21FF8E0D004C4DC6 /* Controller.cpp in Sources */,
				0F70F55C220CC9FC00476A87 /* List.cpp in Sources */,
				0F30547D220A13C200DC5056 /* Timer.cpp in Sources */,
				0F305485220A206200DC5056 /* FileController.cpp in Sources */,
			);
			runOnlyForDeploymentPostprocessing = 0;
		};
/* End PBXSourcesBuildPhase section */

/* Begin XCBuildConfiguration section */
		0FBD492E21FF8BF3004C4DC6 /* Debug */ = {
			isa = XCBuildConfiguration;
			buildSettings = {
				ALWAYS_SEARCH_USER_PATHS = NO;
				CLANG_ANALYZER_NONNULL = YES;
				CLANG_ANALYZER_NUMBER_OBJECT_CONVERSION = YES_AGGRESSIVE;
				CLANG_CXX_LANGUAGE_STANDARD = "gnu++14";
				CLANG_CXX_LIBRARY = "libc++";
				CLANG_ENABLE_MODULES = YES;
				CLANG_ENABLE_OBJC_ARC = YES;
				CLANG_ENABLE_OBJC_WEAK = YES;
				CLANG_WARN_BLOCK_CAPTURE_AUTORELEASING = YES;
				CLANG_WARN_BOOL_CONVERSION = YES;
				CLANG_WARN_COMMA = YES;
				CLANG_WARN_CONSTANT_CONVERSION = YES;
				CLANG_WARN_DEPRECATED_OBJC_IMPLEMENTATIONS = YES;
				CLANG_WARN_DIRECT_OBJC_ISA_USAGE = YES_ERROR;
				CLANG_WARN_DOCUMENTATION_COMMENTS = YES;
				CLANG_WARN_EMPTY_BODY = YES;
				CLANG_WARN_ENUM_CONVERSION = YES;
				CLANG_WARN_INFINITE_RECURSION = YES;
				CLANG_WARN_INT_CONVERSION = YES;
				CLANG_WARN_NON_LITERAL_NULL_CONVERSION = YES;
				CLANG_WARN_OBJC_IMPLICIT_RETAIN_SELF = YES;
				CLANG_WARN_OBJC_LITERAL_CONVERSION = YES;
				CLANG_WARN_OBJC_ROOT_CLASS = YES_ERROR;
				CLANG_WARN_RANGE_LOOP_ANALYSIS = YES;
				CLANG_WARN_STRICT_PROTOTYPES = YES;
				CLANG_WARN_SUSPICIOUS_MOVE = YES;
				CLANG_WARN_UNGUARDED_AVAILABILITY = YES_AGGRESSIVE;
				CLANG_WARN_UNREACHABLE_CODE = YES;
				CLANG_WARN__DUPLICATE_METHOD_MATCH = YES;
				CODE_SIGN_IDENTITY = "Mac Developer";
				COPY_PHASE_STRIP = NO;
				DEBUG_INFORMATION_FORMAT = dwarf;
				ENABLE_STRICT_OBJC_MSGSEND = YES;
				ENABLE_TESTABILITY = YES;
				GCC_C_LANGUAGE_STANDARD = gnu11;
				GCC_DYNAMIC_NO_PIC = NO;
				GCC_NO_COMMON_BLOCKS = YES;
				GCC_OPTIMIZATION_LEVEL = 0;
				GCC_PREPROCESSOR_DEFINITIONS = (
					"DEBUG=1",
					"$(inherited)",
				);
				GCC_WARN_64_TO_32_BIT_CONVERSION = YES;
				GCC_WARN_ABOUT_RETURN_TYPE = YES_ERROR;
				GCC_WARN_UNDECLARED_SELECTOR = YES;
				GCC_WARN_UNINITIALIZED_AUTOS = YES_AGGRESSIVE;
				GCC_WARN_UNUSED_FUNCTION = YES;
				GCC_WARN_UNUSED_VARIABLE = YES;
				MACOSX_DEPLOYMENT_TARGET = 10.13;
				MTL_ENABLE_DEBUG_INFO = INCLUDE_SOURCE;
				MTL_FAST_MATH = YES;
				ONLY_ACTIVE_ARCH = YES;
				SDKROOT = macosx;
			};
			name = Debug;
		};
		0FBD492F21FF8BF3004C4DC6 /* Release */ = {
			isa = XCBuildConfiguration;
			buildSettings = {
				ALWAYS_SEARCH_USER_PATHS = NO;
				CLANG_ANALYZER_NONNULL = YES;
				CLANG_ANALYZER_NUMBER_OBJECT_CONVERSION = YES_AGGRESSIVE;
				CLANG_CXX_LANGUAGE_STANDARD = "gnu++14";
				CLANG_CXX_LIBRARY = "libc++";
				CLANG_ENABLE_MODULES = YES;
				CLANG_ENABLE_OBJC_ARC = YES;
				CLANG_ENABLE_OBJC_WEAK = YES;
				CLANG_WARN_BLOCK_CAPTURE_AUTORELEASING = YES;
				CLANG_WARN_BOOL_CONVERSION = YES;
				CLANG_WARN_COMMA = YES;
				CLANG_WARN_CONSTANT_CONVERSION = YES;
				CLANG_WARN_DEPRECATED_OBJC_IMPLEMENTATIONS = YES;
				CLANG_WARN_DIRECT_OBJC_ISA_USAGE = YES_ERROR;
				CLANG_WARN_DOCUMENTATION_COMMENTS = YES;
				CLANG_WARN_EMPTY_BODY = YES;
				CLANG_WARN_ENUM_CONVERSION = YES;
				CLANG_WARN_INFINITE_RECURSION = YES;
				CLANG_WARN_INT_CONVERSION = YES;
				CLANG_WARN_NON_LITERAL_NULL_CONVERSION = YES;
				CLANG_WARN_OBJC_IMPLICIT_RETAIN_SELF = YES;
				CLANG_WARN_OBJC_LITERAL_CONVERSION = YES;
				CLANG_WARN_OBJC_ROOT_CLASS = YES_ERROR;
				CLANG_WARN_RANGE_LOOP_ANALYSIS = YES;
				CLANG_WARN_STRICT_PROTOTYPES = YES;
				CLANG_WARN_SUSPICIOUS_MOVE = YES;
				CLANG_WARN_UNGUARDED_AVAILABILITY = YES_AGGRESSIVE;
				CLANG_WARN_UNREACHABLE_CODE = YES;
				CLANG_WARN__DUPLICATE_METHOD_MATCH = YES;
				CODE_SIGN_IDENTITY = "Mac Developer";
				COPY_PHASE_STRIP = NO;
				DEBUG_INFORMATION_FORMAT = "dwarf-with-dsym";
				ENABLE_NS_ASSERTIONS = NO;
				ENABLE_STRICT_OBJC_MSGSEND = YES;
				GCC_C_LANGUAGE_STANDARD = gnu11;
				GCC_NO_COMMON_BLOCKS = YES;
				GCC_WARN_64_TO_32_BIT_CONVERSION = YES;
				GCC_WARN_ABOUT_RETURN_TYPE = YES_ERROR;
				GCC_WARN_UNDECLARED_SELECTOR = YES;
				GCC_WARN_UNINITIALIZED_AUTOS = YES_AGGRESSIVE;
				GCC_WARN_UNUSED_FUNCTION = YES;
				GCC_WARN_UNUSED_VARIABLE = YES;
				MACOSX_DEPLOYMENT_TARGET = 10.13;
				MTL_ENABLE_DEBUG_INFO = NO;
				MTL_FAST_MATH = YES;
				SDKROOT = macosx;
			};
			name = Release;
		};
		0FBD493121FF8BF3004C4DC6 /* Debug */ = {
			isa = XCBuildConfiguration;
			buildSettings = {
				CODE_SIGN_STYLE = Automatic;
				DEVELOPMENT_TEAM = C9HG8EACKC;
				PRODUCT_NAME = "$(TARGET_NAME)";
			};
			name = Debug;
		};
		0FBD493221FF8BF3004C4DC6 /* Release */ = {
			isa = XCBuildConfiguration;
			buildSettings = {
				CODE_SIGN_STYLE = Automatic;
				DEVELOPMENT_TEAM = C9HG8EACKC;
				PRODUCT_NAME = "$(TARGET_NAME)";
			};
			name = Release;
		};
/* End XCBuildConfiguration section */

/* Begin XCConfigurationList section */
		0FBD492421FF8BF3004C4DC6 /* Build configuration list for PBXProject "DataBoyoTime" */ = {
			isa = XCConfigurationList;
			buildConfigurations = (
				0FBD492E21FF8BF3004C4DC6 /* Debug */,
				0FBD492F21FF8BF3004C4DC6 /* Release */,
			);
			defaultConfigurationIsVisible = 0;
			defaultConfigurationName = Release;
		};
		0FBD493021FF8BF3004C4DC6 /* Build configuration list for PBXNativeTarget "DataBoyoTime" */ = {
			isa = XCConfigurationList;
			buildConfigurations = (
				0FBD493121FF8BF3004C4DC6 /* Debug */,
				0FBD493221FF8BF3004C4DC6 /* Release */,
			);
			defaultConfigurationIsVisible = 0;
			defaultConfigurationName = Release;
		};
/* End XCConfigurationList section */
	};
	rootObject = 0FBD492121FF8BF3004C4DC6 /* Project object */;
}
